<?xml version="1.0" encoding="UTF-8" standalone="yes" ?>
<CodeBlocks_project_file>
	<FileVersion major="1" minor="6" />
	<Project>
		<Option title="tpe" />
		<Option pch_mode="2" />
		<Option compiler="gcc" />
		<Build>
			<Target title="Debug">
				<Option output="bin/Debug/tpe" prefix_auto="1" extension_auto="1" />
				<Option object_output="obj/Debug/" />
				<Option type="1" />
				<Option compiler="gcc" />
				<Compiler>
					<Add option="-g" />
					<Add directory="include" />
				</Compiler>
			</Target>
			<Target title="Release">
				<Option output="bin/Release/tpe" prefix_auto="1" extension_auto="1" />
				<Option object_output="obj/Release/" />
				<Option type="1" />
				<Option compiler="gcc" />
				<Compiler>
					<Add option="-O2" />
					<Add directory="include" />
				</Compiler>
				<Linker>
					<Add option="-s" />
				</Linker>
			</Target>
		</Build>
		<Compiler>
			<Add option="-Wall" />
			<Add option="-fexceptions" />
		</Compiler>
		<Unit filename="include/arbbb.h" />
		<Unit filename="include/filaaa.h" />
		<Unit filename="include/listaa.h" />
		<Unit filename="main.cpp" />
		<Unit filename="menu_arbol.h">
			<Option target="&lt;{~None~}&gt;" />
		</Unit>
		<Unit filename="menu_fila.h">
			<Option target="&lt;{~None~}&gt;" />
		</Unit>
		<Unit filename="menu_lista.h">
			<Option target="&lt;{~None~}&gt;" />
		</Unit>
		<Unit filename="src/arbbb.cpp" />
		<Unit filename="src/filaaa.cpp" />
		<Unit filename="src/listaa.cpp" />
		<Extensions>
			<lib_finder disable_auto="1" />
		</Extensions>
	</Project>
</CodeBlocks_project_file>
